
Microsoft Visual Studio Solution File, Format Version 12.00
# Visual Studio Version 16
VisualStudioVersion = 16.0.30804.86
MinimumVisualStudioVersion = 10.0.40219.1
Project("{FAE04EC0-301F-11D3-BF4B-00C04F79EFBC}") = "Estekhareh.Android", "src\Estekhareh.Android\Estekhareh.Android.csproj", "{FA3FE48D-748D-4EDB-96AA-9F43504F529A}"
EndProject
Project("{FAE04EC0-301F-11D3-BF4B-00C04F79EFBC}") = "Estekhareh.iOS", "src\Estekhareh.iOS\Estekhareh.iOS.csproj", "{335E28F8-A8BE-40FD-8362-DBB951150670}"
EndProject
Project("{9A19103F-16F7-4668-BE54-9A1E7A4F7556}") = "Estekhareh", "src\Estekhareh\Estekhareh.csproj", "{975A5178-7D8A-429A-856F-D7C4901B25BC}"
EndProject
Project("{FAE04EC0-301F-11D3-BF4B-00C04F79EFBC}") = "SheardResources", "src\SheardResources\SheardResources.csproj", "{46724AEB-CB1E-4DB9-8C44-7D9167192624}"
EndProject
Global
	GlobalSection(SolutionConfigurationPlatforms) = preSolution
		Debug|Any CPU = Debug|Any CPU
		Debug|iPhone = Debug|iPhone
		Debug|iPhoneSimulator = Debug|iPhoneSimulator
		Release|Any CPU = Release|Any CPU
		Release|iPhone = Release|iPhone
		Release|iPhoneSimulator = Release|iPhoneSimulator
	EndGlobalSection
	GlobalSection(ProjectConfigurationPlatforms) = postSolution
		{FA3FE48D-748D-4EDB-96AA-9F43504F529A}.Debug|Any CPU.ActiveCfg = Debug|Any CPU
		{FA3FE48D-748D-4EDB-96AA-9F43504F529A}.Debug|Any CPU.Build.0 = Debug|Any CPU
		{FA3FE48D-748D-4EDB-96AA-9F43504F529A}.Debug|Any CPU.Deploy.0 = Debug|Any CPU
		{FA3FE48D-748D-4EDB-96AA-9F43504F529A}.Debug|iPhone.ActiveCfg = Debug|Any CPU
		{FA3FE48D-748D-4EDB-96AA-9F43504F529A}.Debug|iPhone.Build.0 = Debug|Any CPU
		{FA3FE48D-748D-4EDB-96AA-9F43504F529A}.Debug|iPhone.Deploy.0 = Debug|Any CPU
		{FA3FE48D-748D-4EDB-96AA-9F43504F529A}.Debug|iPhoneSimulator.ActiveCfg = Debug|Any CPU
		{FA3FE48D-748D-4EDB-96AA-9F43504F529A}.Debug|iPhoneSimulator.Build.0 = Debug|Any CPU
		{FA3FE48D-748D-4EDB-96AA-9F43504F529A}.Debug|iPhoneSimulator.Deploy.0 = Debug|Any CPU
		{FA3FE48D-748D-4EDB-96AA-9F43504F529A}.Release|Any CPU.ActiveCfg = Release|Any CPU
		{FA3FE48D-748D-4EDB-96AA-9F43504F529A}.Release|Any CPU.Build.0 = Release|Any CPU
		{FA3FE48D-748D-4EDB-96AA-9F43504F529A}.Release|Any CPU.Deploy.0 = Release|Any CPU
		{FA3FE48D-748D-4EDB-96AA-9F43504F529A}.Release|iPhone.ActiveCfg = Release|Any CPU
		{FA3FE48D-748D-4EDB-96AA-9F43504F529A}.Release|iPhone.Build.0 = Release|Any CPU
		{FA3FE48D-748D-4EDB-96AA-9F43504F529A}.Release|iPhone.Deploy.0 = Release|Any CPU
		{FA3FE48D-748D-4EDB-96AA-9F43504F529A}.Release|iPhoneSimulator.ActiveCfg = Release|Any CPU
		{FA3FE48D-748D-4EDB-96AA-9F43504F529A}.Release|iPhoneSimulator.Build.0 = Release|Any CPU
		{FA3FE48D-748D-4EDB-96AA-9F43504F529A}.Release|iPhoneSimulator.Deploy.0 = Release|Any CPU
		{335E28F8-A8BE-40FD-8362-DBB951150670}.Debug|Any CPU.ActiveCfg = Debug|iPhone
		{335E28F8-A8BE-40FD-8362-DBB951150670}.Debug|Any CPU.Build.0 = Debug|iPhone
		{335E28F8-A8BE-40FD-8362-DBB951150670}.Debug|Any CPU.Deploy.0 = Debug|iPhone
		{335E28F8-A8BE-40FD-8362-DBB951150670}.Debug|iPhone.ActiveCfg = Debug|iPhone
		{335E28F8-A8BE-40FD-8362-DBB951150670}.Debug|iPhone.Build.0 = Debug|iPhone
		{335E28F8-A8BE-40FD-8362-DBB951150670}.Debug|iPhone.Deploy.0 = Debug|iPhone
		{335E28F8-A8BE-40FD-8362-DBB951150670}.Debug|iPhoneSimulator.ActiveCfg = Debug|iPhoneSimulator
		{335E28F8-A8BE-40FD-8362-DBB951150670}.Debug|iPhoneSimulator.Build.0 = Debug|iPhoneSimulator
		{335E28F8-A8BE-40FD-8362-DBB951150670}.Debug|iPhoneSimulator.Deploy.0 = Debug|iPhoneSimulator
		{335E28F8-A8BE-40FD-8362-DBB951150670}.Release|Any CPU.ActiveCfg = Release|iPhoneSimulator
		{335E28F8-A8BE-40FD-8362-DBB951150670}.Release|Any CPU.Build.0 = Release|iPhoneSimulator
		{335E28F8-A8BE-40FD-8362-DBB951150670}.Release|Any CPU.Deploy.0 = Release|iPhoneSimulator
		{335E28F8-A8BE-40FD-8362-DBB951150670}.Release|iPhone.ActiveCfg = Release|iPhone
		{335E28F8-A8BE-40FD-8362-DBB951150670}.Release|iPhone.Build.0 = Release|iPhone
		{335E28F8-A8BE-40FD-8362-DBB951150670}.Release|iPhone.Deploy.0 = Release|iPhone
		{335E28F8-A8BE-40FD-8362-DBB951150670}.Release|iPhoneSimulator.ActiveCfg = Release|iPhoneSimulator
		{335E28F8-A8BE-40FD-8362-DBB951150670}.Release|iPhoneSimulator.Build.0 = Release|iPhoneSimulator
		{335E28F8-A8BE-40FD-8362-DBB951150670}.Release|iPhoneSimulator.Deploy.0 = Release|iPhoneSimulator
		{975A5178-7D8A-429A-856F-D7C4901B25BC}.Debug|Any CPU.ActiveCfg = Debug|Any CPU
		{975A5178-7D8A-429A-856F-D7C4901B25BC}.Debug|Any CPU.Build.0 = Debug|Any CPU
		{975A5178-7D8A-429A-856F-D7C4901B25BC}.Debug|Any CPU.Deploy.0 = Debug|Any CPU
		{975A5178-7D8A-429A-856F-D7C4901B25BC}.Debug|iPhone.ActiveCfg = Debug|Any CPU
		{975A5178-7D8A-429A-856F-D7C4901B25BC}.Debug|iPhone.Build.0 = Debug|Any CPU
		{975A5178-7D8A-429A-856F-D7C4901B25BC}.Debug|iPhone.Deploy.0 = Debug|Any CPU
		{975A5178-7D8A-429A-856F-D7C4901B25BC}.Debug|iPhoneSimulator.ActiveCfg = Debug|Any CPU
		{975A5178-7D8A-429A-856F-D7C4901B25BC}.Debug|iPhoneSimulator.Build.0 = Debug|Any CPU
		{975A5178-7D8A-429A-856F-D7C4901B25BC}.Debug|iPhoneSimulator.Deploy.0 = Debug|Any CPU
		{975A5178-7D8A-429A-856F-D7C4901B25BC}.Release|Any CPU.ActiveCfg = Release|Any CPU
		{975A5178-7D8A-429A-856F-D7C4901B25BC}.Release|Any CPU.Build.0 = Release|Any CPU
		{975A5178-7D8A-429A-856F-D7C4901B25BC}.Release|Any CPU.Deploy.0 = Release|Any CPU
		{975A5178-7D8A-429A-856F-D7C4901B25BC}.Release|iPhone.ActiveCfg = Release|Any CPU
		{975A5178-7D8A-429A-856F-D7C4901B25BC}.Release|iPhone.Build.0 = Release|Any CPU
		{975A5178-7D8A-429A-856F-D7C4901B25BC}.Release|iPhone.Deploy.0 = Release|Any CPU
		{975A5178-7D8A-429A-856F-D7C4901B25BC}.Release|iPhoneSimulator.ActiveCfg = Release|Any CPU
		{975A5178-7D8A-429A-856F-D7C4901B25BC}.Release|iPhoneSimulator.Build.0 = Release|Any CPU
		{975A5178-7D8A-429A-856F-D7C4901B25BC}.Release|iPhoneSimulator.Deploy.0 = Release|Any CPU
		{46724AEB-CB1E-4DB9-8C44-7D9167192624}.Debug|Any CPU.ActiveCfg = Debug|Any CPU
		{46724AEB-CB1E-4DB9-8C44-7D9167192624}.Debug|Any CPU.Build.0 = Debug|Any CPU
		{46724AEB-CB1E-4DB9-8C44-7D9167192624}.Debug|iPhone.ActiveCfg = Debug|Any CPU
		{46724AEB-CB1E-4DB9-8C44-7D9167192624}.Debug|iPhone.Build.0 = Debug|Any CPU
		{46724AEB-CB1E-4DB9-8C44-7D9167192624}.Debug|iPhoneSimulator.ActiveCfg = Debug|Any CPU
		{46724AEB-CB1E-4DB9-8C44-7D9167192624}.Debug|iPhoneSimulator.Build.0 = Debug|Any CPU
		{46724AEB-CB1E-4DB9-8C44-7D9167192624}.Release|Any CPU.ActiveCfg = Release|Any CPU
		{46724AEB-CB1E-4DB9-8C44-7D9167192624}.Release|Any CPU.Build.0 = Release|Any CPU
		{46724AEB-CB1E-4DB9-8C44-7D9167192624}.Release|iPhone.ActiveCfg = Release|Any CPU
		{46724AEB-CB1E-4DB9-8C44-7D9167192624}.Release|iPhone.Build.0 = Release|Any CPU
		{46724AEB-CB1E-4DB9-8C44-7D9167192624}.Release|iPhoneSimulator.ActiveCfg = Release|Any CPU
		{46724AEB-CB1E-4DB9-8C44-7D9167192624}.Release|iPhoneSimulator.Build.0 = Release|Any CPU
	EndGlobalSection
	GlobalSection(SolutionProperties) = preSolution
		HideSolutionNode = FALSE
	EndGlobalSection
	GlobalSection(ExtensibilityGlobals) = postSolution
		SolutionGuid = {F4F0C34D-4584-49DB-969C-9732795AC354}
	EndGlobalSection
EndGlobal
